// !$*UTF8*$!
{
	archiveVersion = 1;
	classes = {
	};
	objectVersion = 56;
	objects = {

/* Begin PBXBuildFile section */
		6C654292F72D0214FDA06BB6 /* Pods_iCameraStreamer.framework in Frameworks */ = {isa = PBXBuildFile; fileRef = E0C870FA062DD4300D29BBD4 /* Pods_iCameraStreamer.framework */; };
		EF49CF9D29DC7186003903D6 /* AppDelegate.swift in Sources */ = {isa = PBXBuildFile; fileRef = EF49CF9C29DC7186003903D6 /* AppDelegate.swift */; };
		EF49CF9F29DC7186003903D6 /* ViewController.swift in Sources */ = {isa = PBXBuildFile; fileRef = EF49CF9E29DC7186003903D6 /* ViewController.swift */; };
		EF49CFA129DC7187003903D6 /* Assets.xcassets in Resources */ = {isa = PBXBuildFile; fileRef = EF49CFA029DC7187003903D6 /* Assets.xcassets */; };
		EF49CFA429DC7187003903D6 /* Main.storyboard in Resources */ = {isa = PBXBuildFile; fileRef = EF49CFA229DC7187003903D6 /* Main.storyboard */; };
		EF49CFAC29DC71B2003903D6 /* CameraManager.swift in Sources */ = {isa = PBXBuildFile; fileRef = EF49CFAB29DC71B2003903D6 /* CameraManager.swift */; };
		EF49CFAE29DC9A6D003903D6 /* Podfile in Resources */ = {isa = PBXBuildFile; fileRef = EF49CFAD29DC9A6D003903D6 /* Podfile */; };
/* End PBXBuildFile section */

/* Begin PBXFileReference section */
		3076030D50A852E67DC3174D /* Pods-iCameraStreamer.release.xcconfig */ = {isa = PBXFileReference; includeInIndex = 1; lastKnownFileType = text.xcconfig; name = "Pods-iCameraStreamer.release.xcconfig"; path = "Target Support Files/Pods-iCameraStreamer/Pods-iCameraStreamer.release.xcconfig"; sourceTree = "<group>"; };
		9FE0DD32578F2B7D13892B26 /* Pods-iCameraStreamer.debug.xcconfig */ = {isa = PBXFileReference; includeInIndex = 1; lastKnownFileType = text.xcconfig; name = "Pods-iCameraStreamer.debug.xcconfig"; path = "Target Support Files/Pods-iCameraStreamer/Pods-iCameraStreamer.debug.xcconfig"; sourceTree = "<group>"; };
		E0C870FA062DD4300D29BBD4 /* Pods_iCameraStreamer.framework */ = {isa = PBXFileReference; explicitFileType = wrapper.framework; includeInIndex = 0; path = Pods_iCameraStreamer.framework; sourceTree = BUILT_PRODUCTS_DIR; };
		EF49CF9929DC7186003903D6 /* iCameraStreamer.app */ = {isa = PBXFileReference; explicitFileType = wrapper.application; includeInIndex = 0; path = iCameraStreamer.app; sourceTree = BUILT_PRODUCTS_DIR; };
		EF49CF9C29DC7186003903D6 /* AppDelegate.swift */ = {isa = PBXFileReference; lastKnownFileType = sourcecode.swift; path = AppDelegate.swift; sourceTree = "<group>"; };
		EF49CF9E29DC7186003903D6 /* ViewController.swift */ = {isa = PBXFileReference; lastKnownFileType = sourcecode.swift; path = ViewController.swift; sourceTree = "<group>"; };
		EF49CFA029DC7187003903D6 /* Assets.xcassets */ = {isa = PBXFileReference; lastKnownFileType = folder.assetcatalog; path = Assets.xcassets; sourceTree = "<group>"; };
		EF49CFA329DC7187003903D6 /* Base */ = {isa = PBXFileReference; lastKnownFileType = file.storyboard; name = Base; path = Base.lproj/Main.storyboard; sourceTree = "<group>"; };
		EF49CFA529DC7187003903D6 /* ICameraStreamer.entitlements */ = {isa = PBXFileReference; lastKnownFileType = text.plist.entitlements; path = ICameraStreamer.entitlements; sourceTree = "<group>"; };
		EF49CFAB29DC71B2003903D6 /* CameraManager.swift */ = {isa = PBXFileReference; lastKnownFileType = sourcecode.swift; path = CameraManager.swift; sourceTree = "<group>"; };
		EF49CFAD29DC9A6D003903D6 /* Podfile */ = {isa = PBXFileReference; lastKnownFileType = text; path = Podfile; sourceTree = "<group>"; };
/* End PBXFileReference section */

/* Begin PBXFrameworksBuildPhase section */
		EF49CF9629DC7186003903D6 /* Frameworks */ = {
			isa = PBXFrameworksBuildPhase;
			buildActionMask = 2147483647;
			files = (
				6C654292F72D0214FDA06BB6 /* Pods_iCameraStreamer.framework in Frameworks */,
			);
			runOnlyForDeploymentPostprocessing = 0;
		};
/* End PBXFrameworksBuildPhase section */

/* Begin PBXGroup section */
		37EE3438C178EB7BF753756E /* Frameworks */ = {
			isa = PBXGroup;
			children = (
				E0C870FA062DD4300D29BBD4 /* Pods_iCameraStreamer.framework */,
			);
			name = Frameworks;
			sourceTree = "<group>";
		};
		6380673400403C2254EEA2A3 /* Pods */ = {
			isa = PBXGroup;
			children = (
				9FE0DD32578F2B7D13892B26 /* Pods-iCameraStreamer.debug.xcconfig */,
				3076030D50A852E67DC3174D /* Pods-iCameraStreamer.release.xcconfig */,
			);
			path = Pods;
			sourceTree = "<group>";
		};
		EF49CF9029DC7186003903D6 = {
			isa = PBXGroup;
			children = (
				EF49CFAD29DC9A6D003903D6 /* Podfile */,
				EF49CF9B29DC7186003903D6 /* iCameraStreamer */,
				EF49CF9A29DC7186003903D6 /* Products */,
				6380673400403C2254EEA2A3 /* Pods */,
				37EE3438C178EB7BF753756E /* Frameworks */,
			);
			sourceTree = "<group>";
		};
		EF49CF9A29DC7186003903D6 /* Products */ = {
			isa = PBXGroup;
			children = (
				EF49CF9929DC7186003903D6 /* iCameraStreamer.app */,
			);
			name = Products;
			sourceTree = "<group>";
		};
		EF49CF9B29DC7186003903D6 /* iCameraStreamer */ = {
			isa = PBXGroup;
			children = (
				EF49CFAB29DC71B2003903D6 /* CameraManager.swift */,
				EF49CF9C29DC7186003903D6 /* AppDelegate.swift */,
				EF49CF9E29DC7186003903D6 /* ViewController.swift */,
				EF49CFA029DC7187003903D6 /* Assets.xcassets */,
				EF49CFA229DC7187003903D6 /* Main.storyboard */,
				EF49CFA529DC7187003903D6 /* ICameraStreamer.entitlements */,
			);
			path = iCameraStreamer;
			sourceTree = "<group>";
		};
/* End PBXGroup section */

/* Begin PBXNativeTarget section */
		EF49CF9829DC7186003903D6 /* iCameraStreamer */ = {
			isa = PBXNativeTarget;
			buildConfigurationList = EF49CFA829DC7187003903D6 /* Build configuration list for PBXNativeTarget "iCameraStreamer" */;
			buildPhases = (
				48C6B81A356C65C45287BC64 /* [CP] Check Pods Manifest.lock */,
				EF49CF9529DC7186003903D6 /* Sources */,
				EF49CF9629DC7186003903D6 /* Frameworks */,
				EF49CF9729DC7186003903D6 /* Resources */,
				544A349A2964A5686C1AED94 /* [CP] Embed Pods Frameworks */,
			);
			buildRules = (
			);
			dependencies = (
			);
			name = iCameraStreamer;
			productName = ICameraStreamer;
			productReference = EF49CF9929DC7186003903D6 /* iCameraStreamer.app */;
			productType = "com.apple.product-type.application";
		};
/* End PBXNativeTarget section */

/* Begin PBXProject section */
		EF49CF9129DC7186003903D6 /* Project object */ = {
			isa = PBXProject;
			attributes = {
				BuildIndependentTargetsInParallel = 1;
				LastSwiftUpdateCheck = 1430;
				LastUpgradeCheck = 1430;
				TargetAttributes = {
					EF49CF9829DC7186003903D6 = {
						CreatedOnToolsVersion = 14.3;
					};
				};
			};
			buildConfigurationList = EF49CF9429DC7186003903D6 /* Build configuration list for PBXProject "iCameraStreamer" */;
			compatibilityVersion = "Xcode 14.0";
			developmentRegion = en;
			hasScannedForEncodings = 0;
			knownRegions = (
				en,
				Base,
			);
			mainGroup = EF49CF9029DC7186003903D6;
			productRefGroup = EF49CF9A29DC7186003903D6 /* Products */;
			projectDirPath = "";
			projectRoot = "";
			targets = (
				EF49CF9829DC7186003903D6 /* iCameraStreamer */,
			);
		};
/* End PBXProject section */

/* Begin PBXResourcesBuildPhase section */
		EF49CF9729DC7186003903D6 /* Resources */ = {
			isa = PBXResourcesBuildPhase;
			buildActionMask = 2147483647;
			files = (
				EF49CFAE29DC9A6D003903D6 /* Podfile in Resources */,
				EF49CFA129DC7187003903D6 /* Assets.xcassets in Resources */,
				EF49CFA429DC7187003903D6 /* Main.storyboard in Resources */,
			);
			runOnlyForDeploymentPostprocessing = 0;
		};
/* End PBXResourcesBuildPhase section */

/* Begin PBXShellScriptBuildPhase section */
		48C6B81A356C65C45287BC64 /* [CP] Check Pods Manifest.lock */ = {
			isa = PBXShellScriptBuildPhase;
			buildActionMask = 2147483647;
			files = (
			);
			inputFileListPaths = (
			);
			inputPaths = (
				"${PODS_PODFILE_DIR_PATH}/Podfile.lock",
				"${PODS_ROOT}/Manifest.lock",
			);
			name = "[CP] Check Pods Manifest.lock";
			outputFileListPaths = (
			);
			outputPaths = (
				"$(DERIVED_FILE_DIR)/Pods-iCameraStreamer-checkManifestLockResult.txt",
			);
			runOnlyForDeploymentPostprocessing = 0;
			shellPath = /bin/sh;
			shellScript = "diff \"${PODS_PODFILE_DIR_PATH}/Podfile.lock\" \"${PODS_ROOT}/Manifest.lock\" > /dev/null\nif [ $? != 0 ] ; then\n    # print error to STDERR\n    echo \"error: The sandbox is not in sync with the Podfile.lock. Run 'pod install' or update your CocoaPods installation.\" >&2\n    exit 1\nfi\n# This output is used by Xcode 'outputs' to avoid re-running this script phase.\necho \"SUCCESS\" > \"${SCRIPT_OUTPUT_FILE_0}\"\n";
			showEnvVarsInLog = 0;
		};
		544A349A2964A5686C1AED94 /* [CP] Embed Pods Frameworks */ = {
			isa = PBXShellScriptBuildPhase;
			buildActionMask = 2147483647;
			files = (
			);
			inputFileListPaths = (
				"${PODS_ROOT}/Target Support Files/Pods-iCameraStreamer/Pods-iCameraStreamer-frameworks-${CONFIGURATION}-input-files.xcfilelist",
			);
			name = "[CP] Embed Pods Frameworks";
			outputFileListPaths = (
				"${PODS_ROOT}/Target Support Files/Pods-iCameraStreamer/Pods-iCameraStreamer-frameworks-${CONFIGURATION}-output-files.xcfilelist",
			);
			runOnlyForDeploymentPostprocessing = 0;
			shellPath = /bin/sh;
			shellScript = "\"${PODS_ROOT}/Target Support Files/Pods-iCameraStreamer/Pods-iCameraStreamer-frameworks.sh\"\n";
			showEnvVarsInLog = 0;
		};
/* End PBXShellScriptBuildPhase section */

/* Begin PBXSourcesBuildPhase section */
		EF49CF9529DC7186003903D6 /* Sources */ = {
			isa = PBXSourcesBuildPhase;
			buildActionMask = 2147483647;
			files = (
				EF49CF9F29DC7186003903D6 /* ViewController.swift in Sources */,
				EF49CFAC29DC71B2003903D6 /* CameraManager.swift in Sources */,
				EF49CF9D29DC7186003903D6 /* AppDelegate.swift in Sources */,
			);
			runOnlyForDeploymentPostprocessing = 0;
		};
/* End PBXSourcesBuildPhase section */

/* Begin PBXVariantGroup section */
		EF49CFA229DC7187003903D6 /* Main.storyboard */ = {
			isa = PBXVariantGroup;
			children = (
				EF49CFA329DC7187003903D6 /* Base */,
			);
			name = Main.storyboard;
			sourceTree = "<group>";
		};
/* End PBXVariantGroup section */

/* Begin XCBuildConfiguration section */
		EF49CFA629DC7187003903D6 /* Debug */ = {
			isa = XCBuildConfiguration;
			buildSettings = {
				ALWAYS_SEARCH_USER_PATHS = NO;
				CLANG_ANALYZER_NONNULL = YES;
				CLANG_ANALYZER_NUMBER_OBJECT_CONVERSION = YES_AGGRESSIVE;
				CLANG_CXX_LANGUAGE_STANDARD = "gnu++20";
				CLANG_ENABLE_MODULES = YES;
				CLANG_ENABLE_OBJC_ARC = YES;
				CLANG_ENABLE_OBJC_WEAK = YES;
				CLANG_WARN_BLOCK_CAPTURE_AUTORELEASING = YES;
				CLANG_WARN_BOOL_CONVERSION = YES;
				CLANG_WARN_COMMA = YES;
				CLANG_WARN_CONSTANT_CONVERSION = YES;
				CLANG_WARN_DEPRECATED_OBJC_IMPLEMENTATIONS = YES;
				CLANG_WARN_DIRECT_OBJC_ISA_USAGE = YES_ERROR;
				CLANG_WARN_DOCUMENTATION_COMMENTS = YES;
				CLANG_WARN_EMPTY_BODY = YES;
				CLANG_WARN_ENUM_CONVERSION = YES;
				CLANG_WARN_INFINITE_RECURSION = YES;
				CLANG_WARN_INT_CONVERSION = YES;
				CLANG_WARN_NON_LITERAL_NULL_CONVERSION = YES;
				CLANG_WARN_OBJC_IMPLICIT_RETAIN_SELF = YES;
				CLANG_WARN_OBJC_LITERAL_CONVERSION = YES;
				CLANG_WARN_OBJC_ROOT_CLASS = YES_ERROR;
				CLANG_WARN_QUOTED_INCLUDE_IN_FRAMEWORK_HEADER = YES;
				CLANG_WARN_RANGE_LOOP_ANALYSIS = YES;
				CLANG_WARN_STRICT_PROTOTYPES = YES;
				CLANG_WARN_SUSPICIOUS_MOVE = YES;
				CLANG_WARN_UNGUARDED_AVAILABILITY = YES_AGGRESSIVE;
				CLANG_WARN_UNREACHABLE_CODE = YES;
				CLANG_WARN__DUPLICATE_METHOD_MATCH = YES;
				COPY_PHASE_STRIP = NO;
				DEBUG_INFORMATION_FORMAT = dwarf;
				ENABLE_STRICT_OBJC_MSGSEND = YES;
				ENABLE_TESTABILITY = YES;
				GCC_C_LANGUAGE_STANDARD = gnu11;
				GCC_DYNAMIC_NO_PIC = NO;
				GCC_NO_COMMON_BLOCKS = YES;
				GCC_OPTIMIZATION_LEVEL = 0;
				GCC_PREPROCESSOR_DEFINITIONS = (
					"DEBUG=1",
					"$(inherited)",
				);
				GCC_WARN_64_TO_32_BIT_CONVERSION = YES;
				GCC_WARN_ABOUT_RETURN_TYPE = YES_ERROR;
				GCC_WARN_UNDECLARED_SELECTOR = YES;
				GCC_WARN_UNINITIALIZED_AUTOS = YES_AGGRESSIVE;
				GCC_WARN_UNUSED_FUNCTION = YES;
				GCC_WARN_UNUSED_VARIABLE = YES;
				MACOSX_DEPLOYMENT_TARGET = 13.3;
				MTL_ENABLE_DEBUG_INFO = INCLUDE_SOURCE;
				MTL_FAST_MATH = YES;
				ONLY_ACTIVE_ARCH = YES;
				SDKROOT = macosx;
				SWIFT_ACTIVE_COMPILATION_CONDITIONS = DEBUG;
				SWIFT_OPTIMIZATION_LEVEL = "-Onone";
			};
			name = Debug;
		};
		EF49CFA729DC7187003903D6 /* Release */ = {
			isa = XCBuildConfiguration;
			buildSettings = {
				ALWAYS_SEARCH_USER_PATHS = NO;
				CLANG_ANALYZER_NONNULL = YES;
				CLANG_ANALYZER_NUMBER_OBJECT_CONVERSION = YES_AGGRESSIVE;
				CLANG_CXX_LANGUAGE_STANDARD = "gnu++20";
				CLANG_ENABLE_MODULES = YES;
				CLANG_ENABLE_OBJC_ARC = YES;
				CLANG_ENABLE_OBJC_WEAK = YES;
				CLANG_WARN_BLOCK_CAPTURE_AUTORELEASING = YES;
				CLANG_WARN_BOOL_CONVERSION = YES;
				CLANG_WARN_COMMA = YES;
				CLANG_WARN_CONSTANT_CONVERSION = YES;
				CLANG_WARN_DEPRECATED_OBJC_IMPLEMENTATIONS = YES;
				CLANG_WARN_DIRECT_OBJC_ISA_USAGE = YES_ERROR;
				CLANG_WARN_DOCUMENTATION_COMMENTS = YES;
				CLANG_WARN_EMPTY_BODY = YES;
				CLANG_WARN_ENUM_CONVERSION = YES;
				CLANG_WARN_INFINITE_RECURSION = YES;
				CLANG_WARN_INT_CONVERSION = YES;
				CLANG_WARN_NON_LITERAL_NULL_CONVERSION = YES;
				CLANG_WARN_OBJC_IMPLICIT_RETAIN_SELF = YES;
				CLANG_WARN_OBJC_LITERAL_CONVERSION = YES;
				CLANG_WARN_OBJC_ROOT_CLASS = YES_ERROR;
				CLANG_WARN_QUOTED_INCLUDE_IN_FRAMEWORK_HEADER = YES;
				CLANG_WARN_RANGE_LOOP_ANALYSIS = YES;
				CLANG_WARN_STRICT_PROTOTYPES = YES;
				CLANG_WARN_SUSPICIOUS_MOVE = YES;
				CLANG_WARN_UNGUARDED_AVAILABILITY = YES_AGGRESSIVE;
				CLANG_WARN_UNREACHABLE_CODE = YES;
				CLANG_WARN__DUPLICATE_METHOD_MATCH = YES;
				COPY_PHASE_STRIP = NO;
				DEBUG_INFORMATION_FORMAT = "dwarf-with-dsym";
				ENABLE_NS_ASSERTIONS = NO;
				ENABLE_STRICT_OBJC_MSGSEND = YES;
				GCC_C_LANGUAGE_STANDARD = gnu11;
				GCC_NO_COMMON_BLOCKS = YES;
				GCC_WARN_64_TO_32_BIT_CONVERSION = YES;
				GCC_WARN_ABOUT_RETURN_TYPE = YES_ERROR;
				GCC_WARN_UNDECLARED_SELECTOR = YES;
				GCC_WARN_UNINITIALIZED_AUTOS = YES_AGGRESSIVE;
				GCC_WARN_UNUSED_FUNCTION = YES;
				GCC_WARN_UNUSED_VARIABLE = YES;
				MACOSX_DEPLOYMENT_TARGET = 13.3;
				MTL_ENABLE_DEBUG_INFO = NO;
				MTL_FAST_MATH = YES;
				SDKROOT = macosx;
				SWIFT_COMPILATION_MODE = wholemodule;
				SWIFT_OPTIMIZATION_LEVEL = "-O";
			};
			name = Release;
		};
		EF49CFA929DC7187003903D6 /* Debug */ = {
			isa = XCBuildConfiguration;
			baseConfigurationReference = 9FE0DD32578F2B7D13892B26 /* Pods-iCameraStreamer.debug.xcconfig */;
			buildSettings = {
				ASSETCATALOG_COMPILER_APPICON_NAME = AppIcon;
				ASSETCATALOG_COMPILER_GLOBAL_ACCENT_COLOR_NAME = AccentColor;
				CODE_SIGN_ENTITLEMENTS = ICameraStreamer/ICameraStreamer.entitlements;
				CODE_SIGN_STYLE = Automatic;
				COMBINE_HIDPI_IMAGES = YES;
				CURRENT_PROJECT_VERSION = 1;
				DEVELOPMENT_TEAM = UPJ2FU9QAA;
				ENABLE_HARDENED_RUNTIME = YES;
				GENERATE_INFOPLIST_FILE = YES;
				INFOPLIST_KEY_NSCameraUsageDescription = "Camrea is needed to capture images/videos";
				INFOPLIST_KEY_NSHumanReadableCopyright = "";
				INFOPLIST_KEY_NSLocalNetworkUsageDescription = "Needs network for sending images";
				INFOPLIST_KEY_NSMainStoryboardFile = Main;
				INFOPLIST_KEY_NSPrincipalClass = NSApplication;
				LD_RUNPATH_SEARCH_PATHS = (
					"$(inherited)",
					"@executable_path/../Frameworks",
				);
				MARKETING_VERSION = 1.0;
				PRODUCT_BUNDLE_IDENTIFIER = org.sourcealchemists.iCameraStreamer;
				PRODUCT_NAME = "$(TARGET_NAME)";
				SWIFT_EMIT_LOC_STRINGS = YES;
				SWIFT_VERSION = 5.0;
			};
			name = Debug;
		};
		EF49CFAA29DC7187003903D6 /* Release */ = {
			isa = XCBuildConfiguration;
			baseConfigurationReference = 3076030D50A852E67DC3174D /* Pods-iCameraStreamer.release.xcconfig */;
			buildSettings = {
				ASSETCATALOG_COMPILER_APPICON_NAME = AppIcon;
				ASSETCATALOG_COMPILER_GLOBAL_ACCENT_COLOR_NAME = AccentColor;
				CODE_SIGN_ENTITLEMENTS = ICameraStreamer/ICameraStreamer.entitlements;
				CODE_SIGN_STYLE = Automatic;
				COMBINE_HIDPI_IMAGES = YES;
				CURRENT_PROJECT_VERSION = 1;
				DEVELOPMENT_TEAM = UPJ2FU9QAA;
				ENABLE_HARDENED_RUNTIME = YES;
				GENERATE_INFOPLIST_FILE = YES;
				INFOPLIST_KEY_NSCameraUsageDescription = "Camrea is needed to capture images/videos";
				INFOPLIST_KEY_NSHumanReadableCopyright = "";
				INFOPLIST_KEY_NSLocalNetworkUsageDescription = "Needs network for sending images";
				INFOPLIST_KEY_NSMainStoryboardFile = Main;
				INFOPLIST_KEY_NSPrincipalClass = NSApplication;
				LD_RUNPATH_SEARCH_PATHS = (
					"$(inherited)",
					"@executable_path/../Frameworks",
				);
				MARKETING_VERSION = 1.0;
				PRODUCT_BUNDLE_IDENTIFIER = org.sourcealchemists.iCameraStreamer;
				PRODUCT_NAME = "$(TARGET_NAME)";
				SWIFT_EMIT_LOC_STRINGS = YES;
				SWIFT_VERSION = 5.0;
			};
			name = Release;
		};
/* End XCBuildConfiguration section */

/* Begin XCConfigurationList section */
		EF49CF9429DC7186003903D6 /* Build configuration list for PBXProject "iCameraStreamer" */ = {
			isa = XCConfigurationList;
			buildConfigurations = (
				EF49CFA629DC7187003903D6 /* Debug */,
				EF49CFA729DC7187003903D6 /* Release */,
			);
			defaultConfigurationIsVisible = 0;
			defaultConfigurationName = Release;
		};
		EF49CFA829DC7187003903D6 /* Build configuration list for PBXNativeTarget "iCameraStreamer" */ = {
			isa = XCConfigurationList;
			buildConfigurations = (
				EF49CFA929DC7187003903D6 /* Debug */,
				EF49CFAA29DC7187003903D6 /* Release */,
			);
			defaultConfigurationIsVisible = 0;
			defaultConfigurationName = Release;
		};
/* End XCConfigurationList section */
	};
	rootObject = EF49CF9129DC7186003903D6 /* Project object */;
}
